
Microsoft Visual Studio Solution File, Format Version 12.00
# Visual Studio Version 16
VisualStudioVersion = 16.0.29806.167
MinimumVisualStudioVersion = 10.0.40219.1
Project("{9A19103F-16F7-4668-BE54-9A1E7A4F7556}") = "ModuloGameServer.WebApp", "ModuloGameServer\ModuloGameServer.WebApp.csproj", "{98708CFE-3B9F-4350-9A13-D1EA036F1F25}"
EndProject
Project("{9A19103F-16F7-4668-BE54-9A1E7A4F7556}") = "ModuloGameServer.Models", "ModuloGameServer.Models\ModuloGameServer.Models.csproj", "{524AECDF-F040-4B85-BBB2-53FBA13BBF88}"
EndProject
Project("{9A19103F-16F7-4668-BE54-9A1E7A4F7556}") = "ModuloGameServer.EF", "ModuloGameServer.EF\ModuloGameServer.EF.csproj", "{DA25B47D-757B-41C5-958E-5CD535B16BB0}"
EndProject
Project("{9A19103F-16F7-4668-BE54-9A1E7A4F7556}") = "ModuloGameServer.Contracts", "ModuloGameServer.Contracts\ModuloGameServer.Contracts.csproj", "{6FEDCD07-9A36-428A-9309-6F08910E0903}"
EndProject
Project("{9A19103F-16F7-4668-BE54-9A1E7A4F7556}") = "ModuloGameServer.BotService", "BotService\ModuloGameServer.BotService.csproj", "{FF149348-9967-4BBB-A170-EEFCC8BB90B5}"
EndProject
Project("{FAE04EC0-301F-11D3-BF4B-00C04F79EFBC}") = "tt", "tt\tt.csproj", "{13D72084-DE65-4C2C-A23D-50E3D63F0E66}"
EndProject
Global
	GlobalSection(SolutionConfigurationPlatforms) = preSolution
		Debug|Any CPU = Debug|Any CPU
		Release|Any CPU = Release|Any CPU
	EndGlobalSection
	GlobalSection(ProjectConfigurationPlatforms) = postSolution
		{98708CFE-3B9F-4350-9A13-D1EA036F1F25}.Debug|Any CPU.ActiveCfg = Debug|Any CPU
		{98708CFE-3B9F-4350-9A13-D1EA036F1F25}.Debug|Any CPU.Build.0 = Debug|Any CPU
		{98708CFE-3B9F-4350-9A13-D1EA036F1F25}.Release|Any CPU.ActiveCfg = Release|Any CPU
		{98708CFE-3B9F-4350-9A13-D1EA036F1F25}.Release|Any CPU.Build.0 = Release|Any CPU
		{524AECDF-F040-4B85-BBB2-53FBA13BBF88}.Debug|Any CPU.ActiveCfg = Debug|Any CPU
		{524AECDF-F040-4B85-BBB2-53FBA13BBF88}.Debug|Any CPU.Build.0 = Debug|Any CPU
		{524AECDF-F040-4B85-BBB2-53FBA13BBF88}.Release|Any CPU.ActiveCfg = Release|Any CPU
		{524AECDF-F040-4B85-BBB2-53FBA13BBF88}.Release|Any CPU.Build.0 = Release|Any CPU
		{DA25B47D-757B-41C5-958E-5CD535B16BB0}.Debug|Any CPU.ActiveCfg = Debug|Any CPU
		{DA25B47D-757B-41C5-958E-5CD535B16BB0}.Debug|Any CPU.Build.0 = Debug|Any CPU
		{DA25B47D-757B-41C5-958E-5CD535B16BB0}.Release|Any CPU.ActiveCfg = Release|Any CPU
		{DA25B47D-757B-41C5-958E-5CD535B16BB0}.Release|Any CPU.Build.0 = Release|Any CPU
		{6FEDCD07-9A36-428A-9309-6F08910E0903}.Debug|Any CPU.ActiveCfg = Debug|Any CPU
		{6FEDCD07-9A36-428A-9309-6F08910E0903}.Debug|Any CPU.Build.0 = Debug|Any CPU
		{6FEDCD07-9A36-428A-9309-6F08910E0903}.Release|Any CPU.ActiveCfg = Release|Any CPU
		{6FEDCD07-9A36-428A-9309-6F08910E0903}.Release|Any CPU.Build.0 = Release|Any CPU
		{FF149348-9967-4BBB-A170-EEFCC8BB90B5}.Debug|Any CPU.ActiveCfg = Debug|Any CPU
		{FF149348-9967-4BBB-A170-EEFCC8BB90B5}.Debug|Any CPU.Build.0 = Debug|Any CPU
		{FF149348-9967-4BBB-A170-EEFCC8BB90B5}.Release|Any CPU.ActiveCfg = Release|Any CPU
		{FF149348-9967-4BBB-A170-EEFCC8BB90B5}.Release|Any CPU.Build.0 = Release|Any CPU
		{13D72084-DE65-4C2C-A23D-50E3D63F0E66}.Debug|Any CPU.ActiveCfg = Debug|Any CPU
		{13D72084-DE65-4C2C-A23D-50E3D63F0E66}.Debug|Any CPU.Build.0 = Debug|Any CPU
		{13D72084-DE65-4C2C-A23D-50E3D63F0E66}.Release|Any CPU.ActiveCfg = Release|Any CPU
		{13D72084-DE65-4C2C-A23D-50E3D63F0E66}.Release|Any CPU.Build.0 = Release|Any CPU
	EndGlobalSection
	GlobalSection(SolutionProperties) = preSolution
		HideSolutionNode = FALSE
	EndGlobalSection
	GlobalSection(ExtensibilityGlobals) = postSolution
		SolutionGuid = {D3F1878A-6CD0-42D1-8D40-9C7DF71F6DF9}
	EndGlobalSection
EndGlobal
